
Microsoft Visual Studio Solution File, Format Version 12.00
# Visual Studio 15
Project("{FAE04EC0-301F-11D3-BF4B-00C04F79EFBC}") = "AstarPathfindingProject", "AstarPathfindingProject.csproj", "{5F4CD088-96CA-21F0-F560-2D319BDC4710}"
EndProject
Project("{FAE04EC0-301F-11D3-BF4B-00C04F79EFBC}") = "Assembly-CSharp", "Assembly-CSharp.csproj", "{F70684BF-51C8-61C3-1EA8-A0A5B464E219}"
EndProject
Project("{FAE04EC0-301F-11D3-BF4B-00C04F79EFBC}") = "AstarPathfindingProjectEditor", "AstarPathfindingProjectEditor.csproj", "{A09A4D40-9AC4-0421-F251-06CBF0B3EF0C}"
EndProject
Project("{FAE04EC0-301F-11D3-BF4B-00C04F79EFBC}") = "PackageToolsEditor", "PackageToolsEditor.csproj", "{ED7B9A4F-1D7D-ABD8-D1D2-587AB022CFC7}"
EndProject
Global
	GlobalSection(SolutionConfigurationPlatforms) = preSolution
		Debug|Any CPU = Debug|Any CPU
		Release|Any CPU = Release|Any CPU
	EndGlobalSection
	GlobalSection(ProjectConfigurationPlatforms) = postSolution
		{5F4CD088-96CA-21F0-F560-2D319BDC4710}.Debug|Any CPU.ActiveCfg = Debug|Any CPU
		{5F4CD088-96CA-21F0-F560-2D319BDC4710}.Debug|Any CPU.Build.0 = Debug|Any CPU
		{5F4CD088-96CA-21F0-F560-2D319BDC4710}.Release|Any CPU.ActiveCfg = Release|Any CPU
		{5F4CD088-96CA-21F0-F560-2D319BDC4710}.Release|Any CPU.Build.0 = Release|Any CPU
		{F70684BF-51C8-61C3-1EA8-A0A5B464E219}.Debug|Any CPU.ActiveCfg = Debug|Any CPU
		{F70684BF-51C8-61C3-1EA8-A0A5B464E219}.Debug|Any CPU.Build.0 = Debug|Any CPU
		{F70684BF-51C8-61C3-1EA8-A0A5B464E219}.Release|Any CPU.ActiveCfg = Release|Any CPU
		{F70684BF-51C8-61C3-1EA8-A0A5B464E219}.Release|Any CPU.Build.0 = Release|Any CPU
		{A09A4D40-9AC4-0421-F251-06CBF0B3EF0C}.Debug|Any CPU.ActiveCfg = Debug|Any CPU
		{A09A4D40-9AC4-0421-F251-06CBF0B3EF0C}.Debug|Any CPU.Build.0 = Debug|Any CPU
		{A09A4D40-9AC4-0421-F251-06CBF0B3EF0C}.Release|Any CPU.ActiveCfg = Release|Any CPU
		{A09A4D40-9AC4-0421-F251-06CBF0B3EF0C}.Release|Any CPU.Build.0 = Release|Any CPU
		{ED7B9A4F-1D7D-ABD8-D1D2-587AB022CFC7}.Debug|Any CPU.ActiveCfg = Debug|Any CPU
		{ED7B9A4F-1D7D-ABD8-D1D2-587AB022CFC7}.Debug|Any CPU.Build.0 = Debug|Any CPU
		{ED7B9A4F-1D7D-ABD8-D1D2-587AB022CFC7}.Release|Any CPU.ActiveCfg = Release|Any CPU
		{ED7B9A4F-1D7D-ABD8-D1D2-587AB022CFC7}.Release|Any CPU.Build.0 = Release|Any CPU
	EndGlobalSection
	GlobalSection(SolutionProperties) = preSolution
		HideSolutionNode = FALSE
	EndGlobalSection
EndGlobal
